
Microsoft Visual Studio Solution File, Format Version 12.00
# Visual Studio Version 17
VisualStudioVersion = 17.7.34031.279
MinimumVisualStudioVersion = 10.0.40219.1
Project("{FAE04EC0-301F-11D3-BF4B-00C04F79EFBC}") = "Agenda-POODS", "Agenda-POODS\Agenda-POODS.csproj", "{D9A48445-18F6-4505-AE14-57A33E7FEE06}"
EndProject
Global
	GlobalSection(SolutionConfigurationPlatforms) = preSolution
		Debug|Any CPU = Debug|Any CPU
		Release|Any CPU = Release|Any CPU
	EndGlobalSection
	GlobalSection(ProjectConfigurationPlatforms) = postSolution
		{D9A48445-18F6-4505-AE14-57A33E7FEE06}.Debug|Any CPU.ActiveCfg = Debug|Any CPU
		{D9A48445-18F6-4505-AE14-57A33E7FEE06}.Debug|Any CPU.Build.0 = Debug|Any CPU
		{D9A48445-18F6-4505-AE14-57A33E7FEE06}.Release|Any CPU.ActiveCfg = Release|Any CPU
		{D9A48445-18F6-4505-AE14-57A33E7FEE06}.Release|Any CPU.Build.0 = Release|Any CPU
	EndGlobalSection
	GlobalSection(SolutionProperties) = preSolution
		HideSolutionNode = FALSE
	EndGlobalSection
	GlobalSection(ExtensibilityGlobals) = postSolution
		SolutionGuid = {E427D691-9471-4B6D-95DF-191E9EB14571}
	EndGlobalSection
EndGlobal
